# This file is automatically @generated by Poetry 1.8.2 and should not be changed by hand.

[[package]]
name = "kicad-skip"
version = "0.2.5"
description = "A friendly way to skip the drudgery and manipulate kicad 7+ s-expression schematic, netlist and PCB files"
optional = false
python-versions = ">=3.8"
files = [
    {file = "kicad-skip-0.2.5.tar.gz", hash = "sha256:dc6b47215da1e82f2cc8567f0f1e8e5ac8297f5e1941d967192e043380e08c83"},
    {file = "kicad_skip-0.2.5-py3-none-any.whl", hash = "sha256:276ba578d42859d3e3db5d39881853b8d3dcf28ec11f37ae363f8b23a0a83888"},
]

[package.dependencies]
sexpdata = ">=0.0.3"

[[package]]
name = "kigadgets"
version = "0.4.2"
description = "Cross-version python wrapper for KiCAD pcbnew"
optional = false
python-versions = "*"
files = [
    {file = "kigadgets-0.4.2-py3-none-any.whl", hash = "sha256:9f40bb3ce7acee82d9b2a625b6fc1cdffbb066be68d7a85dfa9a5cee892c36fe"},
    {file = "kigadgets-0.4.2.tar.gz", hash = "sha256:e5a6cf93a8b38a17a517daa4171c62b12ddb1e9cb8efe7b78adc28205e227736"},
]

[[package]]
name = "sexpdata"
version = "1.0.2"
description = "S-expression parser for Python"
optional = false
python-versions = ">=3.7"
files = [
    {file = "sexpdata-1.0.2-py3-none-any.whl", hash = "sha256:b39c918f055a85c5c35c1d4f7930aabb176bd29016e5ba5692e7e849914b2a1a"},
    {file = "sexpdata-1.0.2.tar.gz", hash = "sha256:92b67b0361f6766f8f9e44b9519cf3fbcfafa755db85bbf893c3e1cf4ddac109"},
]

[metadata]
lock-version = "2.0"
python-versions = "^3.9"
content-hash = "eb630bf4ec48c260ceaca4368a208e636732f1b9549f218b4fbc0e4c0c8269fa"
